// !$*UTF8*$!
{
	archiveVersion = 1;
	classes = {
	};
	objectVersion = 56;
	objects = {

/* Begin PBXBuildFile section */
		AA160E4729703E1B004B5605 /* FloatingTextField.swift in Sources */ = {isa = PBXBuildFile; fileRef = AA160E4629703E1B004B5605 /* FloatingTextField.swift */; };
		AA171FDE2BCE6AFF0084E071 /* FirebaseAuth in Frameworks */ = {isa = PBXBuildFile; productRef = AA171FDD2BCE6AFF0084E071 /* FirebaseAuth */; };
		AA171FE02BCE6B030084E071 /* FirebaseFirestore in Frameworks */ = {isa = PBXBuildFile; productRef = AA171FDF2BCE6B030084E071 /* FirebaseFirestore */; };
		AA171FE22BCE6B080084E071 /* FirebaseMessaging in Frameworks */ = {isa = PBXBuildFile; productRef = AA171FE12BCE6B080084E071 /* FirebaseMessaging */; };
		AA171FE42BCE6B0B0084E071 /* FirebaseAnalytics in Frameworks */ = {isa = PBXBuildFile; productRef = AA171FE32BCE6B0B0084E071 /* FirebaseAnalytics */; };
		AA171FE62BCE6B110084E071 /* FirebaseStorage in Frameworks */ = {isa = PBXBuildFile; productRef = AA171FE52BCE6B110084E071 /* FirebaseStorage */; };
		AA1D755829A23FF7008206C2 /* FAQ.swift in Sources */ = {isa = PBXBuildFile; fileRef = AA1D755729A23FF7008206C2 /* FAQ.swift */; };
		AA1D755A29A250B1008206C2 /* Timetable.swift in Sources */ = {isa = PBXBuildFile; fileRef = AA1D755929A250B1008206C2 /* Timetable.swift */; };
		AA1D755C29A260F8008206C2 /* Route.swift in Sources */ = {isa = PBXBuildFile; fileRef = AA1D755B29A260F8008206C2 /* Route.swift */; };
		AA1D755E29A2679B008206C2 /* LinkView.swift in Sources */ = {isa = PBXBuildFile; fileRef = AA1D755D29A2679B008206C2 /* LinkView.swift */; };
		AA32A030296F4F61002E321B /* Rajd_PK_2023App.swift in Sources */ = {isa = PBXBuildFile; fileRef = AA32A02F296F4F61002E321B /* Rajd_PK_2023App.swift */; };
		AA32A037296F4F62002E321B /* Preview Assets.xcassets in Resources */ = {isa = PBXBuildFile; fileRef = AA32A036296F4F62002E321B /* Preview Assets.xcassets */; };
		AA32A055296F4FB6002E321B /* Announcement.swift in Sources */ = {isa = PBXBuildFile; fileRef = AA32A040296F4FB6002E321B /* Announcement.swift */; };
		AA32A057296F4FB6002E321B /* ImagePicker.swift in Sources */ = {isa = PBXBuildFile; fileRef = AA32A043296F4FB6002E321B /* ImagePicker.swift */; };
		AA32A058296F4FB6002E321B /* FirebaseViewModel.swift in Sources */ = {isa = PBXBuildFile; fileRef = AA32A044296F4FB6002E321B /* FirebaseViewModel.swift */; };
		AA32A059296F4FB6002E321B /* FAQListView.swift in Sources */ = {isa = PBXBuildFile; fileRef = AA32A046296F4FB6002E321B /* FAQListView.swift */; };
		AA32A05A296F4FB6002E321B /* TimetablesListView.swift in Sources */ = {isa = PBXBuildFile; fileRef = AA32A047296F4FB6002E321B /* TimetablesListView.swift */; };
		AA32A05B296F4FB6002E321B /* AnnouncementDetailForm.swift in Sources */ = {isa = PBXBuildFile; fileRef = AA32A048296F4FB6002E321B /* AnnouncementDetailForm.swift */; };
		AA32A05C296F4FB6002E321B /* FirebaseImage.swift in Sources */ = {isa = PBXBuildFile; fileRef = AA32A049296F4FB6002E321B /* FirebaseImage.swift */; };
		AA32A05E296F4FB6002E321B /* AnnouncementListView.swift in Sources */ = {isa = PBXBuildFile; fileRef = AA32A04B296F4FB6002E321B /* AnnouncementListView.swift */; };
		AA32A05F296F4FB6002E321B /* AnnouncementForm.swift in Sources */ = {isa = PBXBuildFile; fileRef = AA32A04C296F4FB6002E321B /* AnnouncementForm.swift */; };
		AA32A060296F4FB6002E321B /* SignInView.swift in Sources */ = {isa = PBXBuildFile; fileRef = AA32A04D296F4FB6002E321B /* SignInView.swift */; };
		AA32A061296F4FB6002E321B /* AnnouncementDetailView.swift in Sources */ = {isa = PBXBuildFile; fileRef = AA32A04E296F4FB6002E321B /* AnnouncementDetailView.swift */; };
		AA32A062296F4FB6002E321B /* MainView.swift in Sources */ = {isa = PBXBuildFile; fileRef = AA32A04F296F4FB6002E321B /* MainView.swift */; };
		AA32A063296F4FB6002E321B /* ContentView.swift in Sources */ = {isa = PBXBuildFile; fileRef = AA32A050296F4FB6002E321B /* ContentView.swift */; };
		AA65BD1A29D970E500258079 /* SwiftUIImageViewer.swift in Sources */ = {isa = PBXBuildFile; fileRef = AA65BD1929D970E500258079 /* SwiftUIImageViewer.swift */; };
		AA6AD0F329C65B870002FED6 /* MainButton.swift in Sources */ = {isa = PBXBuildFile; fileRef = AA6AD0F229C65B870002FED6 /* MainButton.swift */; };
		AA74943D29A02F76001A2DA7 /* RoutesListView.swift in Sources */ = {isa = PBXBuildFile; fileRef = AA74943C29A02F76001A2DA7 /* RoutesListView.swift */; };
		AA8FBB872996E8C50056AB1B /* Enrollment.swift in Sources */ = {isa = PBXBuildFile; fileRef = AA8FBB862996E8C50056AB1B /* Enrollment.swift */; };
		AA8FBB892996EAD20056AB1B /* EnrollmentListView.swift in Sources */ = {isa = PBXBuildFile; fileRef = AA8FBB882996EAD20056AB1B /* EnrollmentListView.swift */; };
		AAA69C6829C67909001022B7 /* MainTextField.swift in Sources */ = {isa = PBXBuildFile; fileRef = AAA69C6729C67909001022B7 /* MainTextField.swift */; };
		AAA69C6A29C67BA0001022B7 /* MainSecureField.swift in Sources */ = {isa = PBXBuildFile; fileRef = AAA69C6929C67BA0001022B7 /* MainSecureField.swift */; };
		AAB1DB8A29AC04E400C612FB /* LogInErrorView.swift in Sources */ = {isa = PBXBuildFile; fileRef = AAB1DB8929AC04E400C612FB /* LogInErrorView.swift */; };
		AAC7646A29C26A0A008B8832 /* GoogleService-Info.plist in Resources */ = {isa = PBXBuildFile; fileRef = AAC7646929C26A0A008B8832 /* GoogleService-Info.plist */; };
		AAD8842F299A61F2005B7E0C /* PushNotificationSender.swift in Sources */ = {isa = PBXBuildFile; fileRef = AAD8842E299A61F2005B7E0C /* PushNotificationSender.swift */; };
		AAD88431299A8C9E005B7E0C /* EnrollmentForm.swift in Sources */ = {isa = PBXBuildFile; fileRef = AAD88430299A8C9E005B7E0C /* EnrollmentForm.swift */; };
		AAD88433299A912C005B7E0C /* EnrollmentDetailForm.swift in Sources */ = {isa = PBXBuildFile; fileRef = AAD88432299A912C005B7E0C /* EnrollmentDetailForm.swift */; };
		AAD88435299AA0BA005B7E0C /* ActiveEnrollment.swift in Sources */ = {isa = PBXBuildFile; fileRef = AAD88434299AA0BA005B7E0C /* ActiveEnrollment.swift */; };
		AAEA49352970016A004A740F /* Assets.xcassets in Resources */ = {isa = PBXBuildFile; fileRef = AAEA49342970016A004A740F /* Assets.xcassets */; };
		AAEF5E5C29AD13B700F242F2 /* LocalFileManager.swift in Sources */ = {isa = PBXBuildFile; fileRef = AAEF5E5B29AD13B700F242F2 /* LocalFileManager.swift */; };
		AAF06E1329C3223300A45376 /* VerificationView.swift in Sources */ = {isa = PBXBuildFile; fileRef = AAF06E1229C3223300A45376 /* VerificationView.swift */; };
		AAF06E1529C340A600A45376 /* AskForPermNotifView.swift in Sources */ = {isa = PBXBuildFile; fileRef = AAF06E1429C340A600A45376 /* AskForPermNotifView.swift */; };
		AAF83C0429782D17000EDDB1 /* Launch Screen.storyboard in Resources */ = {isa = PBXBuildFile; fileRef = AAF83C0329782D17000EDDB1 /* Launch Screen.storyboard */; };
		AAF83C0629784070000EDDB1 /* ActiveAnnouncement.swift in Sources */ = {isa = PBXBuildFile; fileRef = AAF83C0529784070000EDDB1 /* ActiveAnnouncement.swift */; };
/* End PBXBuildFile section */

/* Begin PBXFileReference section */
		AA160E4629703E1B004B5605 /* FloatingTextField.swift */ = {isa = PBXFileReference; lastKnownFileType = sourcecode.swift; path = FloatingTextField.swift; sourceTree = "<group>"; };
		AA1D755729A23FF7008206C2 /* FAQ.swift */ = {isa = PBXFileReference; lastKnownFileType = sourcecode.swift; path = FAQ.swift; sourceTree = "<group>"; };
		AA1D755929A250B1008206C2 /* Timetable.swift */ = {isa = PBXFileReference; lastKnownFileType = sourcecode.swift; path = Timetable.swift; sourceTree = "<group>"; };
		AA1D755B29A260F8008206C2 /* Route.swift */ = {isa = PBXFileReference; lastKnownFileType = sourcecode.swift; path = Route.swift; sourceTree = "<group>"; };
		AA1D755D29A2679B008206C2 /* LinkView.swift */ = {isa = PBXFileReference; lastKnownFileType = sourcecode.swift; path = LinkView.swift; sourceTree = "<group>"; };
		AA32A02C296F4F61002E321B /* Rajd PK 2023.app */ = {isa = PBXFileReference; explicitFileType = wrapper.application; includeInIndex = 0; path = "Rajd PK 2023.app"; sourceTree = BUILT_PRODUCTS_DIR; };
		AA32A02F296F4F61002E321B /* Rajd_PK_2023App.swift */ = {isa = PBXFileReference; lastKnownFileType = sourcecode.swift; path = Rajd_PK_2023App.swift; sourceTree = "<group>"; };
		AA32A036296F4F62002E321B /* Preview Assets.xcassets */ = {isa = PBXFileReference; lastKnownFileType = folder.assetcatalog; path = "Preview Assets.xcassets"; sourceTree = "<group>"; };
		AA32A040296F4FB6002E321B /* Announcement.swift */ = {isa = PBXFileReference; fileEncoding = 4; lastKnownFileType = sourcecode.swift; path = Announcement.swift; sourceTree = "<group>"; };
		AA32A043296F4FB6002E321B /* ImagePicker.swift */ = {isa = PBXFileReference; fileEncoding = 4; lastKnownFileType = sourcecode.swift; path = ImagePicker.swift; sourceTree = "<group>"; };
		AA32A044296F4FB6002E321B /* FirebaseViewModel.swift */ = {isa = PBXFileReference; fileEncoding = 4; lastKnownFileType = sourcecode.swift; path = FirebaseViewModel.swift; sourceTree = "<group>"; };
		AA32A046296F4FB6002E321B /* FAQListView.swift */ = {isa = PBXFileReference; fileEncoding = 4; lastKnownFileType = sourcecode.swift; path = FAQListView.swift; sourceTree = "<group>"; };
		AA32A047296F4FB6002E321B /* TimetablesListView.swift */ = {isa = PBXFileReference; fileEncoding = 4; lastKnownFileType = sourcecode.swift; path = TimetablesListView.swift; sourceTree = "<group>"; };
		AA32A048296F4FB6002E321B /* AnnouncementDetailForm.swift */ = {isa = PBXFileReference; fileEncoding = 4; lastKnownFileType = sourcecode.swift; path = AnnouncementDetailForm.swift; sourceTree = "<group>"; };
		AA32A049296F4FB6002E321B /* FirebaseImage.swift */ = {isa = PBXFileReference; fileEncoding = 4; lastKnownFileType = sourcecode.swift; path = FirebaseImage.swift; sourceTree = "<group>"; };
		AA32A04B296F4FB6002E321B /* AnnouncementListView.swift */ = {isa = PBXFileReference; fileEncoding = 4; lastKnownFileType = sourcecode.swift; path = AnnouncementListView.swift; sourceTree = "<group>"; };
		AA32A04C296F4FB6002E321B /* AnnouncementForm.swift */ = {isa = PBXFileReference; fileEncoding = 4; lastKnownFileType = sourcecode.swift; path = AnnouncementForm.swift; sourceTree = "<group>"; };
		AA32A04D296F4FB6002E321B /* SignInView.swift */ = {isa = PBXFileReference; fileEncoding = 4; lastKnownFileType = sourcecode.swift; path = SignInView.swift; sourceTree = "<group>"; };
		AA32A04E296F4FB6002E321B /* AnnouncementDetailView.swift */ = {isa = PBXFileReference; fileEncoding = 4; lastKnownFileType = sourcecode.swift; path = AnnouncementDetailView.swift; sourceTree = "<group>"; };
		AA32A04F296F4FB6002E321B /* MainView.swift */ = {isa = PBXFileReference; fileEncoding = 4; lastKnownFileType = sourcecode.swift; path = MainView.swift; sourceTree = "<group>"; };
		AA32A050296F4FB6002E321B /* ContentView.swift */ = {isa = PBXFileReference; fileEncoding = 4; lastKnownFileType = sourcecode.swift; path = ContentView.swift; sourceTree = "<group>"; };
		AA32A06F296F5321002E321B /* Rajd-PK-2023-Info.plist */ = {isa = PBXFileReference; lastKnownFileType = text.plist; path = "Rajd-PK-2023-Info.plist"; sourceTree = SOURCE_ROOT; };
		AA65BD1929D970E500258079 /* SwiftUIImageViewer.swift */ = {isa = PBXFileReference; lastKnownFileType = sourcecode.swift; path = SwiftUIImageViewer.swift; sourceTree = "<group>"; };
		AA6AD0F229C65B870002FED6 /* MainButton.swift */ = {isa = PBXFileReference; lastKnownFileType = sourcecode.swift; path = MainButton.swift; sourceTree = "<group>"; };
		AA74943C29A02F76001A2DA7 /* RoutesListView.swift */ = {isa = PBXFileReference; lastKnownFileType = sourcecode.swift; path = RoutesListView.swift; sourceTree = "<group>"; };
		AA8FBB862996E8C50056AB1B /* Enrollment.swift */ = {isa = PBXFileReference; lastKnownFileType = sourcecode.swift; path = Enrollment.swift; sourceTree = "<group>"; };
		AA8FBB882996EAD20056AB1B /* EnrollmentListView.swift */ = {isa = PBXFileReference; lastKnownFileType = sourcecode.swift; path = EnrollmentListView.swift; sourceTree = "<group>"; };
		AA9CF8A6296F63F200920C2A /* Rajd PK 2023.entitlements */ = {isa = PBXFileReference; lastKnownFileType = text.plist.entitlements; path = "Rajd PK 2023.entitlements"; sourceTree = "<group>"; };
		AAA69C6729C67909001022B7 /* MainTextField.swift */ = {isa = PBXFileReference; lastKnownFileType = sourcecode.swift; path = MainTextField.swift; sourceTree = "<group>"; };
		AAA69C6929C67BA0001022B7 /* MainSecureField.swift */ = {isa = PBXFileReference; lastKnownFileType = sourcecode.swift; path = MainSecureField.swift; sourceTree = "<group>"; };
		AAB1DB8929AC04E400C612FB /* LogInErrorView.swift */ = {isa = PBXFileReference; lastKnownFileType = sourcecode.swift; path = LogInErrorView.swift; sourceTree = "<group>"; };
		AAC7646929C26A0A008B8832 /* GoogleService-Info.plist */ = {isa = PBXFileReference; lastKnownFileType = text.plist; path = "GoogleService-Info.plist"; sourceTree = SOURCE_ROOT; };
		AAD8842E299A61F2005B7E0C /* PushNotificationSender.swift */ = {isa = PBXFileReference; lastKnownFileType = sourcecode.swift; path = PushNotificationSender.swift; sourceTree = "<group>"; };
		AAD88430299A8C9E005B7E0C /* EnrollmentForm.swift */ = {isa = PBXFileReference; lastKnownFileType = sourcecode.swift; path = EnrollmentForm.swift; sourceTree = "<group>"; };
		AAD88432299A912C005B7E0C /* EnrollmentDetailForm.swift */ = {isa = PBXFileReference; lastKnownFileType = sourcecode.swift; path = EnrollmentDetailForm.swift; sourceTree = "<group>"; };
		AAD88434299AA0BA005B7E0C /* ActiveEnrollment.swift */ = {isa = PBXFileReference; lastKnownFileType = sourcecode.swift; path = ActiveEnrollment.swift; sourceTree = "<group>"; };
		AAEA49342970016A004A740F /* Assets.xcassets */ = {isa = PBXFileReference; lastKnownFileType = folder.assetcatalog; path = Assets.xcassets; sourceTree = "<group>"; };
		AAEF5E5B29AD13B700F242F2 /* LocalFileManager.swift */ = {isa = PBXFileReference; lastKnownFileType = sourcecode.swift; path = LocalFileManager.swift; sourceTree = "<group>"; };
		AAF06E1229C3223300A45376 /* VerificationView.swift */ = {isa = PBXFileReference; lastKnownFileType = sourcecode.swift; path = VerificationView.swift; sourceTree = "<group>"; };
		AAF06E1429C340A600A45376 /* AskForPermNotifView.swift */ = {isa = PBXFileReference; lastKnownFileType = sourcecode.swift; path = AskForPermNotifView.swift; sourceTree = "<group>"; };
		AAF83C0329782D17000EDDB1 /* Launch Screen.storyboard */ = {isa = PBXFileReference; lastKnownFileType = file.storyboard; name = "Launch Screen.storyboard"; path = "Rajd PK 2023/Launch Screen.storyboard"; sourceTree = SOURCE_ROOT; };
		AAF83C0529784070000EDDB1 /* ActiveAnnouncement.swift */ = {isa = PBXFileReference; lastKnownFileType = sourcecode.swift; path = ActiveAnnouncement.swift; sourceTree = "<group>"; };
/* End PBXFileReference section */

/* Begin PBXFrameworksBuildPhase section */
		AA32A029296F4F61002E321B /* Frameworks */ = {
			isa = PBXFrameworksBuildPhase;
			buildActionMask = 2147483647;
			files = (
				AA171FE22BCE6B080084E071 /* FirebaseMessaging in Frameworks */,
				AA171FDE2BCE6AFF0084E071 /* FirebaseAuth in Frameworks */,
				AA171FE42BCE6B0B0084E071 /* FirebaseAnalytics in Frameworks */,
				AA171FE62BCE6B110084E071 /* FirebaseStorage in Frameworks */,
				AA171FE02BCE6B030084E071 /* FirebaseFirestore in Frameworks */,
			);
			runOnlyForDeploymentPostprocessing = 0;
		};
/* End PBXFrameworksBuildPhase section */

/* Begin PBXGroup section */
		AA171FDC2BCE6AFF0084E071 /* Frameworks */ = {
			isa = PBXGroup;
			children = (
			);
			name = Frameworks;
			sourceTree = "<group>";
		};
		AA32A023296F4F61002E321B = {
			isa = PBXGroup;
			children = (
				AA32A02E296F4F61002E321B /* Rajd PK 2023 */,
				AA32A02D296F4F61002E321B /* Products */,
				AA171FDC2BCE6AFF0084E071 /* Frameworks */,
			);
			sourceTree = "<group>";
		};
		AA32A02D296F4F61002E321B /* Products */ = {
			isa = PBXGroup;
			children = (
				AA32A02C296F4F61002E321B /* Rajd PK 2023.app */,
			);
			name = Products;
			sourceTree = "<group>";
		};
		AA32A02E296F4F61002E321B /* Rajd PK 2023 */ = {
			isa = PBXGroup;
			children = (
				AA9CF8A6296F63F200920C2A /* Rajd PK 2023.entitlements */,
				AAEA49342970016A004A740F /* Assets.xcassets */,
				AA32A06F296F5321002E321B /* Rajd-PK-2023-Info.plist */,
				AAC7646929C26A0A008B8832 /* GoogleService-Info.plist */,
				AA32A02F296F4F61002E321B /* Rajd_PK_2023App.swift */,
				AA32A045296F4FB6002E321B /* Views */,
				AA32A042296F4FB6002E321B /* ViewModels */,
				AA32A03F296F4FB6002E321B /* Structs */,
				AA6AD0F129C65B530002FED6 /* Modifiers */,
				AA6AD0F429C664A50002FED6 /* Extensions */,
				AAF83C0729784077000EDDB1 /* Classes */,
				AA32A035296F4F62002E321B /* Preview Content */,
			);
			path = "Rajd PK 2023";
			sourceTree = "<group>";
		};
		AA32A035296F4F62002E321B /* Preview Content */ = {
			isa = PBXGroup;
			children = (
				AA32A036296F4F62002E321B /* Preview Assets.xcassets */,
			);
			path = "Preview Content";
			sourceTree = "<group>";
		};
		AA32A03F296F4FB6002E321B /* Structs */ = {
			isa = PBXGroup;
			children = (
				AA32A040296F4FB6002E321B /* Announcement.swift */,
				AA8FBB862996E8C50056AB1B /* Enrollment.swift */,
				AA1D755B29A260F8008206C2 /* Route.swift */,
				AA1D755729A23FF7008206C2 /* FAQ.swift */,
				AA1D755929A250B1008206C2 /* Timetable.swift */,
			);
			path = Structs;
			sourceTree = "<group>";
		};
		AA32A042296F4FB6002E321B /* ViewModels */ = {
			isa = PBXGroup;
			children = (
				AA32A044296F4FB6002E321B /* FirebaseViewModel.swift */,
				AAEF5E5B29AD13B700F242F2 /* LocalFileManager.swift */,
				AA32A043296F4FB6002E321B /* ImagePicker.swift */,
				AA160E4629703E1B004B5605 /* FloatingTextField.swift */,
			);
			path = ViewModels;
			sourceTree = "<group>";
		};
		AA32A045296F4FB6002E321B /* Views */ = {
			isa = PBXGroup;
			children = (
				AAF83C0329782D17000EDDB1 /* Launch Screen.storyboard */,
				AA32A050296F4FB6002E321B /* ContentView.swift */,
				AA32A04F296F4FB6002E321B /* MainView.swift */,
				AA32A04B296F4FB6002E321B /* AnnouncementListView.swift */,
				AA8FBB882996EAD20056AB1B /* EnrollmentListView.swift */,
				AA32A04E296F4FB6002E321B /* AnnouncementDetailView.swift */,
				AA32A04C296F4FB6002E321B /* AnnouncementForm.swift */,
				AA32A048296F4FB6002E321B /* AnnouncementDetailForm.swift */,
				AAD88430299A8C9E005B7E0C /* EnrollmentForm.swift */,
				AAB1DB8929AC04E400C612FB /* LogInErrorView.swift */,
				AAD88432299A912C005B7E0C /* EnrollmentDetailForm.swift */,
				AA32A046296F4FB6002E321B /* FAQListView.swift */,
				AA32A047296F4FB6002E321B /* TimetablesListView.swift */,
				AA74943C29A02F76001A2DA7 /* RoutesListView.swift */,
				AA32A049296F4FB6002E321B /* FirebaseImage.swift */,
				AA65BD1929D970E500258079 /* SwiftUIImageViewer.swift */,
				AA32A04D296F4FB6002E321B /* SignInView.swift */,
				AAF06E1229C3223300A45376 /* VerificationView.swift */,
				AAF06E1429C340A600A45376 /* AskForPermNotifView.swift */,
				AA1D755D29A2679B008206C2 /* LinkView.swift */,
			);
			path = Views;
			sourceTree = "<group>";
		};
		AA6AD0F129C65B530002FED6 /* Modifiers */ = {
			isa = PBXGroup;
			children = (
				AAA69C6729C67909001022B7 /* MainTextField.swift */,
				AAA69C6929C67BA0001022B7 /* MainSecureField.swift */,
			);
			path = Modifiers;
			sourceTree = "<group>";
		};
		AA6AD0F429C664A50002FED6 /* Extensions */ = {
			isa = PBXGroup;
			children = (
				AA6AD0F229C65B870002FED6 /* MainButton.swift */,
			);
			path = Extensions;
			sourceTree = "<group>";
		};
		AAF83C0729784077000EDDB1 /* Classes */ = {
			isa = PBXGroup;
			children = (
				AAF83C0529784070000EDDB1 /* ActiveAnnouncement.swift */,
				AAD88434299AA0BA005B7E0C /* ActiveEnrollment.swift */,
				AAD8842E299A61F2005B7E0C /* PushNotificationSender.swift */,
			);
			path = Classes;
			sourceTree = "<group>";
		};
/* End PBXGroup section */

/* Begin PBXNativeTarget section */
		AA32A02B296F4F61002E321B /* Rajd PK 2023 */ = {
			isa = PBXNativeTarget;
			buildConfigurationList = AA32A03A296F4F62002E321B /* Build configuration list for PBXNativeTarget "Rajd PK 2023" */;
			buildPhases = (
				AA32A028296F4F61002E321B /* Sources */,
				AA32A029296F4F61002E321B /* Frameworks */,
				AA32A02A296F4F61002E321B /* Resources */,
			);
			buildRules = (
			);
			dependencies = (
			);
			name = "Rajd PK 2023";
			packageProductDependencies = (
				AA171FDD2BCE6AFF0084E071 /* FirebaseAuth */,
				AA171FDF2BCE6B030084E071 /* FirebaseFirestore */,
				AA171FE12BCE6B080084E071 /* FirebaseMessaging */,
				AA171FE32BCE6B0B0084E071 /* FirebaseAnalytics */,
				AA171FE52BCE6B110084E071 /* FirebaseStorage */,
			);
			productName = "Rajd PK 2023";
			productReference = AA32A02C296F4F61002E321B /* Rajd PK 2023.app */;
			productType = "com.apple.product-type.application";
		};
/* End PBXNativeTarget section */

/* Begin PBXProject section */
		AA32A024296F4F61002E321B /* Project object */ = {
			isa = PBXProject;
			attributes = {
				BuildIndependentTargetsInParallel = 1;
				LastSwiftUpdateCheck = 1420;
				LastUpgradeCheck = 1420;
				TargetAttributes = {
					AA32A02B296F4F61002E321B = {
						CreatedOnToolsVersion = 14.2;
					};
				};
			};
			buildConfigurationList = AA32A027296F4F61002E321B /* Build configuration list for PBXProject "Rajd PK 2023" */;
			compatibilityVersion = "Xcode 14.0";
			developmentRegion = pl;
			hasScannedForEncodings = 0;
			knownRegions = (
				pl,
			);
			mainGroup = AA32A023296F4F61002E321B;
			packageReferences = (
				AA171FDB2BCE6AA90084E071 /* XCRemoteSwiftPackageReference "firebase-ios-sdk" */,
			);
			productRefGroup = AA32A02D296F4F61002E321B /* Products */;
			projectDirPath = "";
			projectRoot = "";
			targets = (
				AA32A02B296F4F61002E321B /* Rajd PK 2023 */,
			);
		};
/* End PBXProject section */

/* Begin PBXResourcesBuildPhase section */
		AA32A02A296F4F61002E321B /* Resources */ = {
			isa = PBXResourcesBuildPhase;
			buildActionMask = 2147483647;
			files = (
				AA32A037296F4F62002E321B /* Preview Assets.xcassets in Resources */,
				AAC7646A29C26A0A008B8832 /* GoogleService-Info.plist in Resources */,
				AAEA49352970016A004A740F /* Assets.xcassets in Resources */,
				AAF83C0429782D17000EDDB1 /* Launch Screen.storyboard in Resources */,
			);
			runOnlyForDeploymentPostprocessing = 0;
		};
/* End PBXResourcesBuildPhase section */

/* Begin PBXSourcesBuildPhase section */
		AA32A028296F4F61002E321B /* Sources */ = {
			isa = PBXSourcesBuildPhase;
			buildActionMask = 2147483647;
			files = (
				AAA69C6829C67909001022B7 /* MainTextField.swift in Sources */,
				AA32A061296F4FB6002E321B /* AnnouncementDetailView.swift in Sources */,
				AAD8842F299A61F2005B7E0C /* PushNotificationSender.swift in Sources */,
				AA8FBB872996E8C50056AB1B /* Enrollment.swift in Sources */,
				AAB1DB8A29AC04E400C612FB /* LogInErrorView.swift in Sources */,
				AAEF5E5C29AD13B700F242F2 /* LocalFileManager.swift in Sources */,
				AA32A05F296F4FB6002E321B /* AnnouncementForm.swift in Sources */,
				AA32A058296F4FB6002E321B /* FirebaseViewModel.swift in Sources */,
				AAD88435299AA0BA005B7E0C /* ActiveEnrollment.swift in Sources */,
				AA32A055296F4FB6002E321B /* Announcement.swift in Sources */,
				AAF06E1529C340A600A45376 /* AskForPermNotifView.swift in Sources */,
				AA65BD1A29D970E500258079 /* SwiftUIImageViewer.swift in Sources */,
				AA32A05B296F4FB6002E321B /* AnnouncementDetailForm.swift in Sources */,
				AA32A030296F4F61002E321B /* Rajd_PK_2023App.swift in Sources */,
				AAF06E1329C3223300A45376 /* VerificationView.swift in Sources */,
				AA32A05A296F4FB6002E321B /* TimetablesListView.swift in Sources */,
				AAA69C6A29C67BA0001022B7 /* MainSecureField.swift in Sources */,
				AA32A057296F4FB6002E321B /* ImagePicker.swift in Sources */,
				AAD88431299A8C9E005B7E0C /* EnrollmentForm.swift in Sources */,
				AA32A060296F4FB6002E321B /* SignInView.swift in Sources */,
				AA32A062296F4FB6002E321B /* MainView.swift in Sources */,
				AAF83C0629784070000EDDB1 /* ActiveAnnouncement.swift in Sources */,
				AA8FBB892996EAD20056AB1B /* EnrollmentListView.swift in Sources */,
				AA74943D29A02F76001A2DA7 /* RoutesListView.swift in Sources */,
				AA32A05C296F4FB6002E321B /* FirebaseImage.swift in Sources */,
				AA1D755C29A260F8008206C2 /* Route.swift in Sources */,
				AA1D755829A23FF7008206C2 /* FAQ.swift in Sources */,
				AA32A063296F4FB6002E321B /* ContentView.swift in Sources */,
				AA32A05E296F4FB6002E321B /* AnnouncementListView.swift in Sources */,
				AAD88433299A912C005B7E0C /* EnrollmentDetailForm.swift in Sources */,
				AA1D755A29A250B1008206C2 /* Timetable.swift in Sources */,
				AA6AD0F329C65B870002FED6 /* MainButton.swift in Sources */,
				AA32A059296F4FB6002E321B /* FAQListView.swift in Sources */,
				AA1D755E29A2679B008206C2 /* LinkView.swift in Sources */,
				AA160E4729703E1B004B5605 /* FloatingTextField.swift in Sources */,
			);
			runOnlyForDeploymentPostprocessing = 0;
		};
/* End PBXSourcesBuildPhase section */

/* Begin XCBuildConfiguration section */
		AA32A038296F4F62002E321B /* Debug */ = {
			isa = XCBuildConfiguration;
			buildSettings = {
				ALWAYS_SEARCH_USER_PATHS = NO;
				CLANG_ANALYZER_NONNULL = YES;
				CLANG_ANALYZER_NUMBER_OBJECT_CONVERSION = YES_AGGRESSIVE;
				CLANG_CXX_LANGUAGE_STANDARD = "gnu++20";
				CLANG_ENABLE_MODULES = YES;
				CLANG_ENABLE_OBJC_ARC = YES;
				CLANG_ENABLE_OBJC_WEAK = YES;
				CLANG_WARN_BLOCK_CAPTURE_AUTORELEASING = YES;
				CLANG_WARN_BOOL_CONVERSION = YES;
				CLANG_WARN_COMMA = YES;
				CLANG_WARN_CONSTANT_CONVERSION = YES;
				CLANG_WARN_DEPRECATED_OBJC_IMPLEMENTATIONS = YES;
				CLANG_WARN_DIRECT_OBJC_ISA_USAGE = YES_ERROR;
				CLANG_WARN_DOCUMENTATION_COMMENTS = YES;
				CLANG_WARN_EMPTY_BODY = YES;
				CLANG_WARN_ENUM_CONVERSION = YES;
				CLANG_WARN_INFINITE_RECURSION = YES;
				CLANG_WARN_INT_CONVERSION = YES;
				CLANG_WARN_NON_LITERAL_NULL_CONVERSION = YES;
				CLANG_WARN_OBJC_IMPLICIT_RETAIN_SELF = YES;
				CLANG_WARN_OBJC_LITERAL_CONVERSION = YES;
				CLANG_WARN_OBJC_ROOT_CLASS = YES_ERROR;
				CLANG_WARN_QUOTED_INCLUDE_IN_FRAMEWORK_HEADER = YES;
				CLANG_WARN_RANGE_LOOP_ANALYSIS = YES;
				CLANG_WARN_STRICT_PROTOTYPES = YES;
				CLANG_WARN_SUSPICIOUS_MOVE = YES;
				CLANG_WARN_UNGUARDED_AVAILABILITY = YES_AGGRESSIVE;
				CLANG_WARN_UNREACHABLE_CODE = YES;
				CLANG_WARN__DUPLICATE_METHOD_MATCH = YES;
				COPY_PHASE_STRIP = NO;
				DEBUG_INFORMATION_FORMAT = dwarf;
				ENABLE_STRICT_OBJC_MSGSEND = YES;
				ENABLE_TESTABILITY = YES;
				GCC_C_LANGUAGE_STANDARD = gnu11;
				GCC_DYNAMIC_NO_PIC = NO;
				GCC_NO_COMMON_BLOCKS = YES;
				GCC_OPTIMIZATION_LEVEL = 0;
				GCC_PREPROCESSOR_DEFINITIONS = (
					"DEBUG=1",
					"$(inherited)",
				);
				GCC_WARN_64_TO_32_BIT_CONVERSION = YES;
				GCC_WARN_ABOUT_RETURN_TYPE = YES_ERROR;
				GCC_WARN_UNDECLARED_SELECTOR = YES;
				GCC_WARN_UNINITIALIZED_AUTOS = YES_AGGRESSIVE;
				GCC_WARN_UNUSED_FUNCTION = YES;
				GCC_WARN_UNUSED_VARIABLE = YES;
				IPHONEOS_DEPLOYMENT_TARGET = 14.0;
				MTL_ENABLE_DEBUG_INFO = INCLUDE_SOURCE;
				MTL_FAST_MATH = YES;
				ONLY_ACTIVE_ARCH = YES;
				SDKROOT = iphoneos;
				SWIFT_ACTIVE_COMPILATION_CONDITIONS = DEBUG;
				SWIFT_OPTIMIZATION_LEVEL = "-Onone";
			};
			name = Debug;
		};
		AA32A039296F4F62002E321B /* Release */ = {
			isa = XCBuildConfiguration;
			buildSettings = {
				ALWAYS_SEARCH_USER_PATHS = NO;
				CLANG_ANALYZER_NONNULL = YES;
				CLANG_ANALYZER_NUMBER_OBJECT_CONVERSION = YES_AGGRESSIVE;
				CLANG_CXX_LANGUAGE_STANDARD = "gnu++20";
				CLANG_ENABLE_MODULES = YES;
				CLANG_ENABLE_OBJC_ARC = YES;
				CLANG_ENABLE_OBJC_WEAK = YES;
				CLANG_WARN_BLOCK_CAPTURE_AUTORELEASING = YES;
				CLANG_WARN_BOOL_CONVERSION = YES;
				CLANG_WARN_COMMA = YES;
				CLANG_WARN_CONSTANT_CONVERSION = YES;
				CLANG_WARN_DEPRECATED_OBJC_IMPLEMENTATIONS = YES;
				CLANG_WARN_DIRECT_OBJC_ISA_USAGE = YES_ERROR;
				CLANG_WARN_DOCUMENTATION_COMMENTS = YES;
				CLANG_WARN_EMPTY_BODY = YES;
				CLANG_WARN_ENUM_CONVERSION = YES;
				CLANG_WARN_INFINITE_RECURSION = YES;
				CLANG_WARN_INT_CONVERSION = YES;
				CLANG_WARN_NON_LITERAL_NULL_CONVERSION = YES;
				CLANG_WARN_OBJC_IMPLICIT_RETAIN_SELF = YES;
				CLANG_WARN_OBJC_LITERAL_CONVERSION = YES;
				CLANG_WARN_OBJC_ROOT_CLASS = YES_ERROR;
				CLANG_WARN_QUOTED_INCLUDE_IN_FRAMEWORK_HEADER = YES;
				CLANG_WARN_RANGE_LOOP_ANALYSIS = YES;
				CLANG_WARN_STRICT_PROTOTYPES = YES;
				CLANG_WARN_SUSPICIOUS_MOVE = YES;
				CLANG_WARN_UNGUARDED_AVAILABILITY = YES_AGGRESSIVE;
				CLANG_WARN_UNREACHABLE_CODE = YES;
				CLANG_WARN__DUPLICATE_METHOD_MATCH = YES;
				COPY_PHASE_STRIP = NO;
				DEBUG_INFORMATION_FORMAT = "dwarf-with-dsym";
				ENABLE_NS_ASSERTIONS = NO;
				ENABLE_STRICT_OBJC_MSGSEND = YES;
				GCC_C_LANGUAGE_STANDARD = gnu11;
				GCC_NO_COMMON_BLOCKS = YES;
				GCC_WARN_64_TO_32_BIT_CONVERSION = YES;
				GCC_WARN_ABOUT_RETURN_TYPE = YES_ERROR;
				GCC_WARN_UNDECLARED_SELECTOR = YES;
				GCC_WARN_UNINITIALIZED_AUTOS = YES_AGGRESSIVE;
				GCC_WARN_UNUSED_FUNCTION = YES;
				GCC_WARN_UNUSED_VARIABLE = YES;
				IPHONEOS_DEPLOYMENT_TARGET = 14.0;
				MTL_ENABLE_DEBUG_INFO = NO;
				MTL_FAST_MATH = YES;
				SDKROOT = iphoneos;
				SWIFT_COMPILATION_MODE = wholemodule;
				SWIFT_OPTIMIZATION_LEVEL = "-O";
				VALIDATE_PRODUCT = YES;
			};
			name = Release;
		};
		AA32A03B296F4F62002E321B /* Debug */ = {
			isa = XCBuildConfiguration;
			buildSettings = {
				ASSETCATALOG_COMPILER_APPICON_NAME = AppIcon;
				ASSETCATALOG_COMPILER_GLOBAL_ACCENT_COLOR_NAME = AccentColor;
				ASSETCATALOG_COMPILER_INCLUDE_ALL_APPICON_ASSETS = YES;
				CODE_SIGN_ENTITLEMENTS = "Rajd PK 2023/Rajd PK 2023.entitlements";
				CODE_SIGN_STYLE = Automatic;
				CURRENT_PROJECT_VERSION = 1;
				DEVELOPMENT_ASSET_PATHS = "\"Rajd PK 2023/Preview Content\"";
				DEVELOPMENT_TEAM = HLJV9D8SW5;
				ENABLE_PREVIEWS = YES;
				GENERATE_INFOPLIST_FILE = YES;
				INFOPLIST_FILE = "Rajd-PK-2023-Info.plist";
				INFOPLIST_KEY_CFBundleDisplayName = "Rajd PK 2023";
				INFOPLIST_KEY_LSApplicationCategoryType = "public.app-category.utilities";
				INFOPLIST_KEY_UIApplicationSceneManifest_Generation = YES;
				INFOPLIST_KEY_UIApplicationSupportsIndirectInputEvents = YES;
				INFOPLIST_KEY_UILaunchStoryboardName = "Launch Screen.storyboard";
				INFOPLIST_KEY_UISupportedInterfaceOrientations = UIInterfaceOrientationPortrait;
				INFOPLIST_KEY_UISupportedInterfaceOrientations_iPad = "UIInterfaceOrientationLandscapeLeft UIInterfaceOrientationLandscapeRight UIInterfaceOrientationPortrait UIInterfaceOrientationPortraitUpsideDown";
				IPHONEOS_DEPLOYMENT_TARGET = 14.0;
				LD_RUNPATH_SEARCH_PATHS = (
					"$(inherited)",
					"@executable_path/Frameworks",
				);
				MARKETING_VERSION = 1.1;
				PRODUCT_BUNDLE_IDENTIFIER = "kamdz.Rajd-PK-2023";
				PRODUCT_NAME = "$(TARGET_NAME)";
				SUPPORTED_PLATFORMS = "iphoneos iphonesimulator";
				SUPPORTS_MACCATALYST = NO;
				SUPPORTS_MAC_DESIGNED_FOR_IPHONE_IPAD = NO;
				SWIFT_EMIT_LOC_STRINGS = YES;
				SWIFT_VERSION = 5.0;
				TARGETED_DEVICE_FAMILY = 1;
			};
			name = Debug;
		};
		AA32A03C296F4F62002E321B /* Release */ = {
			isa = XCBuildConfiguration;
			buildSettings = {
				ASSETCATALOG_COMPILER_APPICON_NAME = AppIcon;
				ASSETCATALOG_COMPILER_GLOBAL_ACCENT_COLOR_NAME = AccentColor;
				ASSETCATALOG_COMPILER_INCLUDE_ALL_APPICON_ASSETS = YES;
				CODE_SIGN_ENTITLEMENTS = "Rajd PK 2023/Rajd PK 2023.entitlements";
				CODE_SIGN_STYLE = Automatic;
				CURRENT_PROJECT_VERSION = 1;
				DEVELOPMENT_ASSET_PATHS = "\"Rajd PK 2023/Preview Content\"";
				DEVELOPMENT_TEAM = HLJV9D8SW5;
				ENABLE_PREVIEWS = YES;
				GENERATE_INFOPLIST_FILE = YES;
				INFOPLIST_FILE = "Rajd-PK-2023-Info.plist";
				INFOPLIST_KEY_CFBundleDisplayName = "Rajd PK 2023";
				INFOPLIST_KEY_LSApplicationCategoryType = "public.app-category.utilities";
				INFOPLIST_KEY_UIApplicationSceneManifest_Generation = YES;
				INFOPLIST_KEY_UIApplicationSupportsIndirectInputEvents = YES;
				INFOPLIST_KEY_UILaunchStoryboardName = "Launch Screen.storyboard";
				INFOPLIST_KEY_UISupportedInterfaceOrientations = UIInterfaceOrientationPortrait;
				INFOPLIST_KEY_UISupportedInterfaceOrientations_iPad = "UIInterfaceOrientationLandscapeLeft UIInterfaceOrientationLandscapeRight UIInterfaceOrientationPortrait UIInterfaceOrientationPortraitUpsideDown";
				IPHONEOS_DEPLOYMENT_TARGET = 14.0;
				LD_RUNPATH_SEARCH_PATHS = (
					"$(inherited)",
					"@executable_path/Frameworks",
				);
				MARKETING_VERSION = 1.1;
				PRODUCT_BUNDLE_IDENTIFIER = "kamdz.Rajd-PK-2023";
				PRODUCT_NAME = "$(TARGET_NAME)";
				SUPPORTED_PLATFORMS = "iphoneos iphonesimulator";
				SUPPORTS_MACCATALYST = NO;
				SUPPORTS_MAC_DESIGNED_FOR_IPHONE_IPAD = NO;
				SWIFT_EMIT_LOC_STRINGS = YES;
				SWIFT_VERSION = 5.0;
				TARGETED_DEVICE_FAMILY = 1;
			};
			name = Release;
		};
/* End XCBuildConfiguration section */

/* Begin XCConfigurationList section */
		AA32A027296F4F61002E321B /* Build configuration list for PBXProject "Rajd PK 2023" */ = {
			isa = XCConfigurationList;
			buildConfigurations = (
				AA32A038296F4F62002E321B /* Debug */,
				AA32A039296F4F62002E321B /* Release */,
			);
			defaultConfigurationIsVisible = 0;
			defaultConfigurationName = Release;
		};
		AA32A03A296F4F62002E321B /* Build configuration list for PBXNativeTarget "Rajd PK 2023" */ = {
			isa = XCConfigurationList;
			buildConfigurations = (
				AA32A03B296F4F62002E321B /* Debug */,
				AA32A03C296F4F62002E321B /* Release */,
			);
			defaultConfigurationIsVisible = 0;
			defaultConfigurationName = Release;
		};
/* End XCConfigurationList section */

/* Begin XCRemoteSwiftPackageReference section */
		AA171FDB2BCE6AA90084E071 /* XCRemoteSwiftPackageReference "firebase-ios-sdk" */ = {
			isa = XCRemoteSwiftPackageReference;
			repositoryURL = "https://github.com/firebase/firebase-ios-sdk";
			requirement = {
				kind = upToNextMajorVersion;
				minimumVersion = 10.24.0;
			};
		};
/* End XCRemoteSwiftPackageReference section */

/* Begin XCSwiftPackageProductDependency section */
		AA171FDD2BCE6AFF0084E071 /* FirebaseAuth */ = {
			isa = XCSwiftPackageProductDependency;
			package = AA171FDB2BCE6AA90084E071 /* XCRemoteSwiftPackageReference "firebase-ios-sdk" */;
			productName = FirebaseAuth;
		};
		AA171FDF2BCE6B030084E071 /* FirebaseFirestore */ = {
			isa = XCSwiftPackageProductDependency;
			package = AA171FDB2BCE6AA90084E071 /* XCRemoteSwiftPackageReference "firebase-ios-sdk" */;
			productName = FirebaseFirestore;
		};
		AA171FE12BCE6B080084E071 /* FirebaseMessaging */ = {
			isa = XCSwiftPackageProductDependency;
			package = AA171FDB2BCE6AA90084E071 /* XCRemoteSwiftPackageReference "firebase-ios-sdk" */;
			productName = FirebaseMessaging;
		};
		AA171FE32BCE6B0B0084E071 /* FirebaseAnalytics */ = {
			isa = XCSwiftPackageProductDependency;
			package = AA171FDB2BCE6AA90084E071 /* XCRemoteSwiftPackageReference "firebase-ios-sdk" */;
			productName = FirebaseAnalytics;
		};
		AA171FE52BCE6B110084E071 /* FirebaseStorage */ = {
			isa = XCSwiftPackageProductDependency;
			package = AA171FDB2BCE6AA90084E071 /* XCRemoteSwiftPackageReference "firebase-ios-sdk" */;
			productName = FirebaseStorage;
		};
/* End XCSwiftPackageProductDependency section */
	};
	rootObject = AA32A024296F4F61002E321B /* Project object */;
}
